
Microsoft Visual Studio Solution File, Format Version 12.00
# Visual Studio Version 17
VisualStudioVersion = 17.8.34511.84
MinimumVisualStudioVersion = 10.0.40219.1
Project("{FAE04EC0-301F-11D3-BF4B-00C04F79EFBC}") = "Plumbing-Tools-Store-Management-System Main", "Plumbing-Tools-Store-Management-System Main\Plumbing-Tools-Store-Management-System Main.csproj", "{1172B873-AFFB-4E61-8EED-1980E9D6BBC5}"
EndProject
Global
	GlobalSection(SolutionConfigurationPlatforms) = preSolution
		Debug|Any CPU = Debug|Any CPU
		Release|Any CPU = Release|Any CPU
	EndGlobalSection
	GlobalSection(ProjectConfigurationPlatforms) = postSolution
		{1172B873-AFFB-4E61-8EED-1980E9D6BBC5}.Debug|Any CPU.ActiveCfg = Debug|Any CPU
		{1172B873-AFFB-4E61-8EED-1980E9D6BBC5}.Debug|Any CPU.Build.0 = Debug|Any CPU
		{1172B873-AFFB-4E61-8EED-1980E9D6BBC5}.Release|Any CPU.ActiveCfg = Release|Any CPU
		{1172B873-AFFB-4E61-8EED-1980E9D6BBC5}.Release|Any CPU.Build.0 = Release|Any CPU
	EndGlobalSection
	GlobalSection(SolutionProperties) = preSolution
		HideSolutionNode = FALSE
	EndGlobalSection
	GlobalSection(ExtensibilityGlobals) = postSolution
		SolutionGuid = {FE995D12-52A0-4E16-94FD-2937FB975597}
	EndGlobalSection
EndGlobal
